
Microsoft Visual Studio Solution File, Format Version 12.00
# Visual Studio 15
VisualStudioVersion = 15.0.27703.2026
MinimumVisualStudioVersion = 10.0.40219.1
Project("{FAE04EC0-301F-11D3-BF4B-00C04F79EFBC}") = "LifeAsAService", "LifeAsAService\LifeAsAService.csproj", "{3C673223-6BBB-4C44-86D2-7EB7F36688F0}"
EndProject
Global
	GlobalSection(SolutionConfigurationPlatforms) = preSolution
		Debug|Any CPU = Debug|Any CPU
		Release|Any CPU = Release|Any CPU
	EndGlobalSection
	GlobalSection(ProjectConfigurationPlatforms) = postSolution
		{3C673223-6BBB-4C44-86D2-7EB7F36688F0}.Debug|Any CPU.ActiveCfg = Debug|Any CPU
		{3C673223-6BBB-4C44-86D2-7EB7F36688F0}.Debug|Any CPU.Build.0 = Debug|Any CPU
		{3C673223-6BBB-4C44-86D2-7EB7F36688F0}.Release|Any CPU.ActiveCfg = Release|Any CPU
		{3C673223-6BBB-4C44-86D2-7EB7F36688F0}.Release|Any CPU.Build.0 = Release|Any CPU
	EndGlobalSection
	GlobalSection(SolutionProperties) = preSolution
		HideSolutionNode = FALSE
	EndGlobalSection
	GlobalSection(ExtensibilityGlobals) = postSolution
		SolutionGuid = {199A2D16-1037-40B1-ABE3-C991CC7E3896}
	EndGlobalSection
EndGlobal
